{
  "name": "resources",
  "version": "1.0.0",
  "lockfileVersion": 3,
  "requires": true,
  "packages": {
    "": {
      "name": "resources",
      "version": "1.0.0",
      "license": "ISC",
      "dependencies": {
        "dockview": "^8.3.1"
      }
    },
    "node_modules/dockview": {
      "version": "8.3.1",
      "resolved": "https://registry.npmjs.org/dockview/-/dockview-8.3.1.tgz",
      "integrity": "sha512-2odBC9cDKcVCVx8Db86vq9s9JZKzbgvdkxDzcfsrD9nORLc5UqhLgLvVcJguorBv7CyEpKDzFO1JVLYWJCYrJA==",
      "license": "MIT",
      "dependencies": {
        "dockview-core": "^8.3.1"
      }
    },
    "node_modules/dockview-core": {
      "version": "8.3.1",
      "resolved": "https://registry.npmjs.org/dockview-core/-/dockview-core-8.3.1.tgz",
      "integrity": "sha512-6Loais9hlIRo25sTQSWGWlgbPr22ddoLBzpGDFaTnocawnC45twp5f2S2WxUz5/HPa/a65I4yxKUqZa8xrcc5Q==",
      "license": "MIT"
    }
  }
}
